Microsoft Visual Studio Solution File, Format Version 12.00
# Visual Studio Version 17
VisualStudioVersion = 17.5.2.0
MinimumVisualStudioVersion = 10.0.40219.1
Project("{FAE04EC0-301F-11D3-BF4B-00C04F79EFBC}") = "ExactWebApp", "ExactWebApp.csproj", "{B4A496A4-E71C-9969-045F-FF785D8D86A0}"
EndProject
Global
	GlobalSection(SolutionConfigurationPlatforms) = preSolution
		Debug|Any CPU = Debug|Any CPU
		Release|Any CPU = Release|Any CPU
	EndGlobalSection
	GlobalSection(ProjectConfigurationPlatforms) = postSolution
		{B4A496A4-E71C-9969-045F-FF785D8D86A0}.Debug|Any CPU.ActiveCfg = Debug|Any CPU
		{B4A496A4-E71C-9969-045F-FF785D8D86A0}.Debug|Any CPU.Build.0 = Debug|Any CPU
		{B4A496A4-E71C-9969-045F-FF785D8D86A0}.Release|Any CPU.ActiveCfg = Release|Any CPU
		{B4A496A4-E71C-9969-045F-FF785D8D86A0}.Release|Any CPU.Build.0 = Release|Any CPU
	EndGlobalSection
	GlobalSection(SolutionProperties) = preSolution
		HideSolutionNode = FALSE
	EndGlobalSection
	GlobalSection(ExtensibilityGlobals) = postSolution
		SolutionGuid = {646177E0-C30B-49C9-9D07-AFDA2EBFF9FC}
	EndGlobalSection
EndGlobal
